lockfileVersion: '9.0'

settings:
  autoInstallPeers: true
  excludeLinksFromLockfile: false

importers:

  .:
    dependencies:
      '@actions/core':
        specifier: ^1.11.1
        version: 1.11.1
      '@actions/github':
        specifier: ^6.0.1
        version: 6.0.1
      '@instantish/mack':
        specifier: ^1.2.0
        version: 1.2.0
      '@octokit/webhooks':
        specifier: ^14.0.0
        version: 14.0.0
      '@slack/types':
        specifier: ^2.14.0
        version: 2.14.0
    devDependencies:
      '@octokit/webhooks-types':
        specifier: ^7.6.1
        version: 7.6.1
      '@slack/web-api':
        specifier: ^7.9.2
        version: 7.9.2
      '@types/node':
        specifier: ^22.15.29
        version: 22.15.29
      prettier:
        specifier: ^3.5.3
        version: 3.5.3
      typescript:
        specifier: ^5.8.3
        version: 5.8.3

packages:

  '@actions/core@1.11.1':
    resolution: {integrity: sha512-hXJCSrkwfA46Vd9Z3q4cpEpHB1rL5NG04+/rbqW9d3+CSvtB1tYe8UTpAlixa1vj0m/ULglfEK2UKxMGxCxv5A==}

  '@actions/exec@1.1.1':
    resolution: {integrity: sha512-+sCcHHbVdk93a0XT19ECtO/gIXoxvdsgQLzb2fE2/5sIZmWQuluYyjPQtrtTHdU1YzTZ7bAPN4sITq2xi1679w==}

  '@actions/github@6.0.1':
    resolution: {integrity: sha512-xbZVcaqD4XnQAe35qSQqskb3SqIAfRyLBrHMd/8TuL7hJSz2QtbDwnNM8zWx4zO5l2fnGtseNE3MbEvD7BxVMw==}

  '@actions/http-client@2.2.3':
    resolution: {integrity: sha512-mx8hyJi/hjFvbPokCg4uRd4ZX78t+YyRPtnKWwIl+RzNaVuFpQHfmlGVfsKEJN8LwTCvL+DfVgAM04XaHkm6bA==}

  '@actions/io@1.1.3':
    resolution: {integrity: sha512-wi9JjgKLYS7U/z8PPbco+PvTb/nRWjeoFlJ1Qer83k/3C5PHQi28hiVdeE2kHXmIL99mQFawx8qt/JPjZilJ8Q==}

  '@fastify/busboy@2.1.1':
    resolution: {integrity: sha512-vBZP4NlzfOlerQTnba4aqZoMhE/a9HY7HRqoOPaETQcSQuWEIyZMHGfVu6w9wGtGK5fED5qRs2DteVCjOH60sA==}
    engines: {node: '>=14'}

  '@instantish/mack@1.2.0':
    resolution: {integrity: sha512-fBrErfEmhDpfzzGANJwF9thW1gF9sJptebUKRvptiHaIx75Bvatu8N3QXeBVUCoLX4Z4bS6ZYn4NN7iXfV4q7Q==}
    deprecated: Please use @tryfabric/mack instead

  '@octokit/auth-token@4.0.0':
    resolution: {integrity: sha512-tY/msAuJo6ARbK6SPIxZrPBms3xPbfwBrulZe0Wtr/DIY9lje2HeV1uoebShn6mx7SjCHif6EjMvoREj+gZ+SA==}
    engines: {node: '>= 18'}

  '@octokit/core@5.2.1':
    resolution: {integrity: sha512-dKYCMuPO1bmrpuogcjQ8z7ICCH3FP6WmxpwC03yjzGfZhj9fTJg6+bS1+UAplekbN2C+M61UNllGOOoAfGCrdQ==}
    engines: {node: '>= 18'}

  '@octokit/endpoint@9.0.6':
    resolution: {integrity: sha512-H1fNTMA57HbkFESSt3Y9+FBICv+0jFceJFPWDePYlR/iMGrwM5ph+Dd4XRQs+8X+PUFURLQgX9ChPfhJ/1uNQw==}
    engines: {node: '>= 18'}

  '@octokit/graphql@7.1.1':
    resolution: {integrity: sha512-3mkDltSfcDUoa176nlGoA32RGjeWjl3K7F/BwHwRMJUW/IteSa4bnSV8p2ThNkcIcZU2umkZWxwETSSCJf2Q7g==}
    engines: {node: '>= 18'}

  '@octokit/openapi-types@20.0.0':
    resolution: {integrity: sha512-EtqRBEjp1dL/15V7WiX5LJMIxxkdiGJnabzYx5Apx4FkQIFgAfKumXeYAqqJCj1s+BMX4cPFIFC4OLCR6stlnA==}

  '@octokit/openapi-types@24.2.0':
    resolution: {integrity: sha512-9sIH3nSUttelJSXUrmGzl7QUBFul0/mB8HRYl3fOlgHbIWG+WnYDXU3v/2zMtAvuzZ/ed00Ei6on975FhBfzrg==}

  '@octokit/openapi-types@25.1.0':
    resolution: {integrity: sha512-idsIggNXUKkk0+BExUn1dQ92sfysJrje03Q0bv0e+KPLrvyqZF8MnBpFz8UNfYDwB3Ie7Z0TByjWfzxt7vseaA==}

  '@octokit/openapi-webhooks-types@11.0.0':
    resolution: {integrity: sha512-ZBzCFj98v3SuRM7oBas6BHZMJRadlnDoeFfvm1olVxZnYeU6Vh97FhPxyS5aLh5pN51GYv2I51l/hVUAVkGBlA==}

  '@octokit/plugin-paginate-rest@9.2.2':
    resolution: {integrity: sha512-u3KYkGF7GcZnSD/3UP0S7K5XUFT2FkOQdcfXZGZQPGv3lm4F2Xbf71lvjldr8c1H3nNbF+33cLEkWYbokGWqiQ==}
    engines: {node: '>= 18'}
    peerDependencies:
      '@octokit/core': '5'

  '@octokit/plugin-rest-endpoint-methods@10.4.1':
    resolution: {integrity: sha512-xV1b+ceKV9KytQe3zCVqjg+8GTGfDYwaT1ATU5isiUyVtlVAO3HNdzpS4sr4GBx4hxQ46s7ITtZrAsxG22+rVg==}
    engines: {node: '>= 18'}
    peerDependencies:
      '@octokit/core': '5'

  '@octokit/request-error@5.1.1':
    resolution: {integrity: sha512-v9iyEQJH6ZntoENr9/yXxjuezh4My67CBSu9r6Ve/05Iu5gNgnisNWOsoJHTP6k0Rr0+HQIpnH+kyammu90q/g==}
    engines: {node: '>= 18'}

  '@octokit/request-error@7.0.0':
    resolution: {integrity: sha512-KRA7VTGdVyJlh0cP5Tf94hTiYVVqmt2f3I6mnimmaVz4UG3gQV/k4mDJlJv3X67iX6rmN7gSHCF8ssqeMnmhZg==}
    engines: {node: '>= 20'}

  '@octokit/request@8.4.1':
    resolution: {integrity: sha512-qnB2+SY3hkCmBxZsR/MPCybNmbJe4KAlfWErXq+rBKkQJlbjdJeS85VI9r8UqeLYLvnAenU8Q1okM/0MBsAGXw==}
    engines: {node: '>= 18'}

  '@octokit/types@12.6.0':
    resolution: {integrity: sha512-1rhSOfRa6H9w4YwK0yrf5faDaDTb+yLyBUKOCV4xtCDB5VmIPqd/v9yr9o6SAzOAlRxMiRiCic6JVM1/kunVkw==}

  '@octokit/types@13.10.0':
    resolution: {integrity: sha512-ifLaO34EbbPj0Xgro4G5lP5asESjwHracYJvVaPIyXMuiuXLlhic3S47cBdTb+jfODkTE5YtGCLt3Ay3+J97sA==}

  '@octokit/types@14.1.0':
    resolution: {integrity: sha512-1y6DgTy8Jomcpu33N+p5w58l6xyt55Ar2I91RPiIA0xCJBXyUAhXCcmZaDWSANiha7R9a6qJJ2CRomGPZ6f46g==}

  '@octokit/webhooks-methods@6.0.0':
    resolution: {integrity: sha512-MFlzzoDJVw/GcbfzVC1RLR36QqkTLUf79vLVO3D+xn7r0QgxnFoLZgtrzxiQErAjFUOdH6fas2KeQJ1yr/qaXQ==}
    engines: {node: '>= 20'}

  '@octokit/webhooks-types@7.6.1':
    resolution: {integrity: sha512-S8u2cJzklBC0FgTwWVLaM8tMrDuDMVE4xiTK4EYXM9GntyvrdbSoxqDQa+Fh57CCNApyIpyeqPhhFEmHPfrXgw==}

  '@octokit/webhooks@14.0.0':
    resolution: {integrity: sha512-IZV4vg/s1pqIpCs86a0tp5FQ/O94DUaqksMdNrXFSaE037TXsB+fIhr8OVig09oEx3WazVgE6B2U+u7/Fvdlsw==}
    engines: {node: '>= 20'}

  '@slack/logger@4.0.0':
    resolution: {integrity: sha512-Wz7QYfPAlG/DR+DfABddUZeNgoeY7d1J39OCR2jR+v7VBsB8ezulDK5szTnDDPDwLH5IWhLvXIHlCFZV7MSKgA==}
    engines: {node: '>= 18', npm: '>= 8.6.0'}

  '@slack/types@2.14.0':
    resolution: {integrity: sha512-n0EGm7ENQRxlXbgKSrQZL69grzg1gHLAVd+GlRVQJ1NSORo0FrApR7wql/gaKdu2n4TO83Sq/AmeUOqD60aXUA==}
    engines: {node: '>= 12.13.0', npm: '>= 6.12.0'}

  '@slack/web-api@7.9.2':
    resolution: {integrity: sha512-3HoDwV6+ZSTfV+DsbnUd82GlZY0a+DPXuHQHpxWTqgxjM3JWZyGiwR+ov3d2M16pWiMzA+l58UJ5lm1znGq0yA==}
    engines: {node: '>= 18', npm: '>= 8.6.0'}

  '@types/node@22.15.29':
    resolution: {integrity: sha512-LNdjOkUDlU1RZb8e1kOIUpN1qQUlzGkEtbVNo53vbrwDg5om6oduhm4SiUaPW5ASTXhAiP0jInWG8Qx9fVlOeQ==}

  '@types/retry@0.12.0':
    resolution: {integrity: sha512-wWKOClTTiizcZhXnPY4wikVAwmdYHp8q6DmC+EJUzAMsycb7HB32Kh9RN4+0gExjmPmZSAQjgURXIGATPegAvA==}

  asynckit@0.4.0:
    resolution: {integrity: sha512-Oei9OH4tRh0YqU3GxhX79dM/mwVgvbZJaSNaRk+bshkj0S5cfHcgYakreBjrHwatXKbz+IoIdYLxrKim2MjW0Q==}

  axios@1.9.0:
    resolution: {integrity: sha512-re4CqKTJaURpzbLHtIi6XpDv20/CnpXOtjRY5/CU32L8gU8ek9UIivcfvSWvmKEngmVbrUtPpdDwWDWL7DNHvg==}

  before-after-hook@2.2.3:
    resolution: {integrity: sha512-NzUnlZexiaH/46WDhANlyR2bXRopNg4F/zuSA3OpZnllCUgRaOF2znDioDWrmbNVsuZk6l9pMquQB38cfBZwkQ==}

  call-bind-apply-helpers@1.0.2:
    resolution: {integrity: sha512-Sp1ablJ0ivDkSzjcaJdxEunN5/XvksFJ2sMBFfq6x0ryhQV/2b/KwFe21cMpmHtPOSij8K99/wSfoEuTObmuMQ==}
    engines: {node: '>= 0.4'}

  combined-stream@1.0.8:
    resolution: {integrity: sha512-FQN4MRfuJeHf7cBbBMJFXhKSDq+2kAArBlmRBvcvFE5BB1HZKXtSFASDhdlz9zOYwxh8lDdnvmMOe/+5cdoEdg==}
    engines: {node: '>= 0.8'}

  delayed-stream@1.0.0:
    resolution: {integrity: sha512-ZySD7Nf91aLB0RxL4KGrKHBXl7Eds1DAmEdcoVawXnLD7SDhpNgtuII2aAkg7a7QS41jxPSZ17p4VdGnMHk3MQ==}
    engines: {node: '>=0.4.0'}

  deprecation@2.3.1:
    resolution: {integrity: sha512-xmHIy4F3scKVwMsQ4WnVaS8bHOx0DmVwRywosKhaILI0ywMDWPtBSku2HNxRvF7jtwDRsoEwYQSfbxj8b7RlJQ==}

  dunder-proto@1.0.1:
    resolution: {integrity: sha512-KIN/nDJBQRcXw0MLVhZE9iQHmG68qAVIBg9CqmUYjmQIhgij9U5MFvrqkUL5FbtyyzZuOeOt0zdeRe4UY7ct+A==}
    engines: {node: '>= 0.4'}

  es-define-property@1.0.1:
    resolution: {integrity: sha512-e3nRfgfUZ4rNGL232gUgX06QNyyez04KdjFrF+LTRoOXmrOgFKDg4BCdsjW8EnT69eqdYGmRpJwiPVYNrCaW3g==}
    engines: {node: '>= 0.4'}

  es-errors@1.3.0:
    resolution: {integrity: sha512-Zf5H2Kxt2xjTvbJvP2ZWLEICxA6j+hAmMzIlypy4xcBg1vKVnx89Wy0GbS+kf5cwCVFFzdCFh2XSCFNULS6csw==}
    engines: {node: '>= 0.4'}

  es-object-atoms@1.1.1:
    resolution: {integrity: sha512-FGgH2h8zKNim9ljj7dankFPcICIK9Cp5bm+c2gQSYePhpaG5+esrLODihIorn+Pe6FGJzWhXQotPv73jTaldXA==}
    engines: {node: '>= 0.4'}

  es-set-tostringtag@2.1.0:
    resolution: {integrity: sha512-j6vWzfrGVfyXxge+O0x5sh6cvxAog0a/4Rdd2K36zCMV5eJ+/+tOAngRO8cODMNWbVRdVlmGZQL2YS3yR8bIUA==}
    engines: {node: '>= 0.4'}

  eventemitter3@4.0.7:
    resolution: {integrity: sha512-8guHBZCwKnFhYdHr2ysuRWErTwhoN2X8XELRlrRwpmfeY2jjuUN4taQMsULKUVo1K4DvZl+0pgfyoysHxvmvEw==}

  eventemitter3@5.0.1:
    resolution: {integrity: sha512-GWkBvjiSZK87ELrYOSESUYeVIc9mvLLf/nXalMOS5dYrgZq9o5OVkbZAVM06CVxYsCwH9BDZFPlQTlPA1j4ahA==}

  fast-xml-parser@4.5.3:
    resolution: {integrity: sha512-RKihhV+SHsIUGXObeVy9AXiBbFwkVk7Syp8XgwN5U3JV416+Gwp/GO9i0JYKmikykgz/UHRrrV4ROuZEo/T0ig==}
    hasBin: true

  follow-redirects@1.15.9:
    resolution: {integrity: sha512-gew4GsXizNgdoRyqmyfMHyAmXsZDk6mHkSxZFCzW9gwlbtOW44CDtYavM+y+72qD/Vq2l550kMF52DT8fOLJqQ==}
    engines: {node: '>=4.0'}
    peerDependencies:
      debug: '*'
    peerDependenciesMeta:
      debug:
        optional: true

  form-data@4.0.2:
    resolution: {integrity: sha512-hGfm/slu0ZabnNt4oaRZ6uREyfCj6P4fT/n6A1rGV+Z0VdGXjfOhVUpkn6qVQONHGIFwmveGXyDs75+nr6FM8w==}
    engines: {node: '>= 6'}

  function-bind@1.1.2:
    resolution: {integrity: sha512-7XHNxH7qX9xG5mIwxkhumTox/MIRNcOgDrxWsMt2pAr23WHp6MrRlN7FBSFpCpr+oVO0F744iUgR82nJMfG2SA==}

  get-intrinsic@1.3.0:
    resolution: {integrity: sha512-9fSjSaos/fRIVIp+xSJlE6lfwhES7LNtKaCBIamHsjr2na1BiABJPo0mOjjz8GJDURarmCPGqaiVg5mfjb98CQ==}
    engines: {node: '>= 0.4'}

  get-proto@1.0.1:
    resolution: {integrity: sha512-sTSfBjoXBp89JvIKIefqw7U2CCebsc74kiY6awiGogKtoSGbgjYE/G/+l9sF3MWFPNc9IcoOC4ODfKHfxFmp0g==}
    engines: {node: '>= 0.4'}

  gopd@1.2.0:
    resolution: {integrity: sha512-ZUKRh6/kUFoAiTAtTYPZJ3hw9wNxx+BIBOijnlG9PnrJsCcSjs1wyyD6vJpaYtgnzDrKYRSqf3OO6Rfa93xsRg==}
    engines: {node: '>= 0.4'}

  has-symbols@1.1.0:
    resolution: {integrity: sha512-1cDNdwJ2Jaohmb3sg4OmKaMBwuC48sYni5HUw2DvsC8LjGTLK9h+eb1X6RyuOHe4hT0ULCW68iomhjUoKUqlPQ==}
    engines: {node: '>= 0.4'}

  has-tostringtag@1.0.2:
    resolution: {integrity: sha512-NqADB8VjPFLM2V0VvHUewwwsw0ZWBaIdgo+ieHtK3hasLz4qeCRjYcqfB6AQrBggRKppKF8L52/VqdVsO47Dlw==}
    engines: {node: '>= 0.4'}

  hasown@2.0.2:
    resolution: {integrity: sha512-0hJU9SCPvmMzIBdZFqNPXWa6dqh7WdH0cII9y+CyS8rG3nL48Bclra9HmKhVVUHyPWNH5Y7xDwAB7bfgSjkUMQ==}
    engines: {node: '>= 0.4'}

  is-electron@2.2.2:
    resolution: {integrity: sha512-FO/Rhvz5tuw4MCWkpMzHFKWD2LsfHzIb7i6MdPYZ/KW7AlxawyLkqdy+jPZP1WubqEADE3O4FUENlJHDfQASRg==}

  is-stream@2.0.1:
    resolution: {integrity: sha512-hFoiJiTl63nn+kstHGBtewWSKnQLpyb155KHheA1l39uvtO9nWIop1p3udqPcUd/xbF1VLMO4n7OI6p7RbngDg==}
    engines: {node: '>=8'}

  marked@4.3.0:
    resolution: {integrity: sha512-PRsaiG84bK+AMvxziE/lCFss8juXjNaWzVbN5tXAm4XjeaS9NAHhop+PjQxz2A9h8Q4M/xGmzP8vqNwy6JeK0A==}
    engines: {node: '>= 12'}
    hasBin: true

  math-intrinsics@1.1.0:
    resolution: {integrity: sha512-/IXtbwEk5HTPyEwyKX6hGkYXxM9nbj64B+ilVJnC/R6B0pH5G4V3b0pVbL7DBj4tkhBAppbQUlf6F6Xl9LHu1g==}
    engines: {node: '>= 0.4'}

  mime-db@1.52.0:
    resolution: {integrity: sha512-sPU4uV7dYlvtWJxwwxHD0PuihVNiE7TyAbQ5SWxDCB9mUYvOgroQOwYQQOKPJ8CIbE+1ETVlOoK1UC2nU3gYvg==}
    engines: {node: '>= 0.6'}

  mime-types@2.1.35:
    resolution: {integrity: sha512-ZDY+bPm5zTTF+YpCrAU9nK0UgICYPT0QtT1NZWFv4s++TNkcgVaT0g6+4R2uI4MjQjzysHB1zxuWL50hzaeXiw==}
    engines: {node: '>= 0.6'}

  once@1.4.0:
    resolution: {integrity: sha512-lNaJgI+2Q5URQBkccEKHTQOPaXdUxnZZElQTZY0MFUAuaEqe1E+Nyvgdz/aIyNi6Z9MzO5dv1H8n58/GELp3+w==}

  p-finally@1.0.0:
    resolution: {integrity: sha512-LICb2p9CB7FS+0eR1oqWnHhp0FljGLZCWBE9aix0Uye9W8LTQPwMTYVGWQWIw9RdQiDg4+epXQODwIYJtSJaow==}
    engines: {node: '>=4'}

  p-queue@6.6.2:
    resolution: {integrity: sha512-RwFpb72c/BhQLEXIZ5K2e+AhgNVmIejGlTgiB9MzZ0e93GRvqZ7uSi0dvRF7/XIXDeNkra2fNHBxTyPDGySpjQ==}
    engines: {node: '>=8'}

  p-retry@4.6.2:
    resolution: {integrity: sha512-312Id396EbJdvRONlngUx0NydfrIQ5lsYu0znKVUzVvArzEIt08V1qhtyESbGVd1FGX7UKtiFp5uwKZdM8wIuQ==}
    engines: {node: '>=8'}

  p-timeout@3.2.0:
    resolution: {integrity: sha512-rhIwUycgwwKcP9yTOOFK/AKsAopjjCakVqLHePO3CC6Mir1Z99xT+R63jZxAT5lFZLa2inS5h+ZS2GvR99/FBg==}
    engines: {node: '>=8'}

  prettier@3.5.3:
    resolution: {integrity: sha512-QQtaxnoDJeAkDvDKWCLiwIXkTgRhwYDEQCghU9Z6q03iyek/rxRh/2lC3HB7P8sWT2xC/y5JDctPLBIGzHKbhw==}
    engines: {node: '>=14'}
    hasBin: true

  proxy-from-env@1.1.0:
    resolution: {integrity: sha512-D+zkORCbA9f1tdWRK0RaCR3GPv50cMxcrz4X8k5LTSUD1Dkw47mKJEZQNunItRTkWwgtaUSo1RVFRIG9ZXiFYg==}

  retry@0.13.1:
    resolution: {integrity: sha512-XQBQ3I8W1Cge0Seh+6gjj03LbmRFWuoszgK9ooCpwYIrhhoO80pfq4cUkU5DkknwfOfFteRwlZ56PYOGYyFWdg==}
    engines: {node: '>= 4'}

  strnum@1.1.2:
    resolution: {integrity: sha512-vrN+B7DBIoTTZjnPNewwhx6cBA/H+IS7rfW68n7XxC1y7uoiGQBxaKzqucGUgavX15dJgiGztLJ8vxuEzwqBdA==}

  tunnel@0.0.6:
    resolution: {integrity: sha512-1h/Lnq9yajKY2PEbBadPXj3VxsDDu844OnaAo52UVmIzIvwwtBPIuNvkjuzBlTWpfJyUbG3ez0KSBibQkj4ojg==}
    engines: {node: '>=0.6.11 <=0.7.0 || >=0.7.3'}

  typescript@5.8.3:
    resolution: {integrity: sha512-p1diW6TqL9L07nNxvRMM7hMMw4c5XOo/1ibL4aAIGmSAt9slTE1Xgw5KWuof2uTOvCg9BY7ZRi+GaF+7sfgPeQ==}
    engines: {node: '>=14.17'}
    hasBin: true

  undici-types@6.21.0:
    resolution: {integrity: sha512-iwDZqg0QAGrg9Rav5H4n0M64c3mkR59cJ6wQp+7C4nI0gsmExaedaYLNO44eT4AtBBwjbTiGPMlt2Md0T9H9JQ==}

  undici@5.29.0:
    resolution: {integrity: sha512-raqeBD6NQK4SkWhQzeYKd1KmIG6dllBOTt55Rmkt4HtI9mwdWtJljnrXjAFUBLTSN67HWrOIZ3EPF4kjUw80Bg==}
    engines: {node: '>=14.0'}

  universal-user-agent@6.0.1:
    resolution: {integrity: sha512-yCzhz6FN2wU1NiiQRogkTQszlQSlpWaw8SvVegAc+bDxbzHgh1vX8uIe8OYyMH6DwH+sdTJsgMl36+mSMdRJIQ==}

  wrappy@1.0.2:
    resolution: {integrity: sha512-l4Sp/DRseor9wL6EvV2+TuQn63dMkPjZ/sp9XkghTEbV9KlPS1xUsZ3u7/IQO4wxtcFB4bgpQPRcR3QCvezPcQ==}

snapshots:

  '@actions/core@1.11.1':
    dependencies:
      '@actions/exec': 1.1.1
      '@actions/http-client': 2.2.3

  '@actions/exec@1.1.1':
    dependencies:
      '@actions/io': 1.1.3

  '@actions/github@6.0.1':
    dependencies:
      '@actions/http-client': 2.2.3
      '@octokit/core': 5.2.1
      '@octokit/plugin-paginate-rest': 9.2.2(@octokit/core@5.2.1)
      '@octokit/plugin-rest-endpoint-methods': 10.4.1(@octokit/core@5.2.1)
      '@octokit/request': 8.4.1
      '@octokit/request-error': 5.1.1
      undici: 5.29.0

  '@actions/http-client@2.2.3':
    dependencies:
      tunnel: 0.0.6
      undici: 5.29.0

  '@actions/io@1.1.3': {}

  '@fastify/busboy@2.1.1': {}

  '@instantish/mack@1.2.0':
    dependencies:
      '@slack/types': 2.14.0
      fast-xml-parser: 4.5.3
      marked: 4.3.0

  '@octokit/auth-token@4.0.0': {}

  '@octokit/core@5.2.1':
    dependencies:
      '@octokit/auth-token': 4.0.0
      '@octokit/graphql': 7.1.1
      '@octokit/request': 8.4.1
      '@octokit/request-error': 5.1.1
      '@octokit/types': 13.10.0
      before-after-hook: 2.2.3
      universal-user-agent: 6.0.1

  '@octokit/endpoint@9.0.6':
    dependencies:
      '@octokit/types': 13.10.0
      universal-user-agent: 6.0.1

  '@octokit/graphql@7.1.1':
    dependencies:
      '@octokit/request': 8.4.1
      '@octokit/types': 13.10.0
      universal-user-agent: 6.0.1

  '@octokit/openapi-types@20.0.0': {}

  '@octokit/openapi-types@24.2.0': {}

  '@octokit/openapi-types@25.1.0': {}

  '@octokit/openapi-webhooks-types@11.0.0': {}

  '@octokit/plugin-paginate-rest@9.2.2(@octokit/core@5.2.1)':
    dependencies:
      '@octokit/core': 5.2.1
      '@octokit/types': 12.6.0

  '@octokit/plugin-rest-endpoint-methods@10.4.1(@octokit/core@5.2.1)':
    dependencies:
      '@octokit/core': 5.2.1
      '@octokit/types': 12.6.0

  '@octokit/request-error@5.1.1':
    dependencies:
      '@octokit/types': 13.10.0
      deprecation: 2.3.1
      once: 1.4.0

  '@octokit/request-error@7.0.0':
    dependencies:
      '@octokit/types': 14.1.0

  '@octokit/request@8.4.1':
    dependencies:
      '@octokit/endpoint': 9.0.6
      '@octokit/request-error': 5.1.1
      '@octokit/types': 13.10.0
      universal-user-agent: 6.0.1

  '@octokit/types@12.6.0':
    dependencies:
      '@octokit/openapi-types': 20.0.0

  '@octokit/types@13.10.0':
    dependencies:
      '@octokit/openapi-types': 24.2.0

  '@octokit/types@14.1.0':
    dependencies:
      '@octokit/openapi-types': 25.1.0

  '@octokit/webhooks-methods@6.0.0': {}

  '@octokit/webhooks-types@7.6.1': {}

  '@octokit/webhooks@14.0.0':
    dependencies:
      '@octokit/openapi-webhooks-types': 11.0.0
      '@octokit/request-error': 7.0.0
      '@octokit/webhooks-methods': 6.0.0

  '@slack/logger@4.0.0':
    dependencies:
      '@types/node': 22.15.29

  '@slack/types@2.14.0': {}

  '@slack/web-api@7.9.2':
    dependencies:
      '@slack/logger': 4.0.0
      '@slack/types': 2.14.0
      '@types/node': 22.15.29
      '@types/retry': 0.12.0
      axios: 1.9.0
      eventemitter3: 5.0.1
      form-data: 4.0.2
      is-electron: 2.2.2
      is-stream: 2.0.1
      p-queue: 6.6.2
      p-retry: 4.6.2
      retry: 0.13.1
    transitivePeerDependencies:
      - debug

  '@types/node@22.15.29':
    dependencies:
      undici-types: 6.21.0

  '@types/retry@0.12.0': {}

  asynckit@0.4.0: {}

  axios@1.9.0:
    dependencies:
      follow-redirects: 1.15.9
      form-data: 4.0.2
      proxy-from-env: 1.1.0
    transitivePeerDependencies:
      - debug

  before-after-hook@2.2.3: {}

  call-bind-apply-helpers@1.0.2:
    dependencies:
      es-errors: 1.3.0
      function-bind: 1.1.2

  combined-stream@1.0.8:
    dependencies:
      delayed-stream: 1.0.0

  delayed-stream@1.0.0: {}

  deprecation@2.3.1: {}

  dunder-proto@1.0.1:
    dependencies:
      call-bind-apply-helpers: 1.0.2
      es-errors: 1.3.0
      gopd: 1.2.0

  es-define-property@1.0.1: {}

  es-errors@1.3.0: {}

  es-object-atoms@1.1.1:
    dependencies:
      es-errors: 1.3.0

  es-set-tostringtag@2.1.0:
    dependencies:
      es-errors: 1.3.0
      get-intrinsic: 1.3.0
      has-tostringtag: 1.0.2
      hasown: 2.0.2

  eventemitter3@4.0.7: {}

  eventemitter3@5.0.1: {}

  fast-xml-parser@4.5.3:
    dependencies:
      strnum: 1.1.2

  follow-redirects@1.15.9: {}

  form-data@4.0.2:
    dependencies:
      asynckit: 0.4.0
      combined-stream: 1.0.8
      es-set-tostringtag: 2.1.0
      mime-types: 2.1.35

  function-bind@1.1.2: {}

  get-intrinsic@1.3.0:
    dependencies:
      call-bind-apply-helpers: 1.0.2
      es-define-property: 1.0.1
      es-errors: 1.3.0
      es-object-atoms: 1.1.1
      function-bind: 1.1.2
      get-proto: 1.0.1
      gopd: 1.2.0
      has-symbols: 1.1.0
      hasown: 2.0.2
      math-intrinsics: 1.1.0

  get-proto@1.0.1:
    dependencies:
      dunder-proto: 1.0.1
      es-object-atoms: 1.1.1

  gopd@1.2.0: {}

  has-symbols@1.1.0: {}

  has-tostringtag@1.0.2:
    dependencies:
      has-symbols: 1.1.0

  hasown@2.0.2:
    dependencies:
      function-bind: 1.1.2

  is-electron@2.2.2: {}

  is-stream@2.0.1: {}

  marked@4.3.0: {}

  math-intrinsics@1.1.0: {}

  mime-db@1.52.0: {}

  mime-types@2.1.35:
    dependencies:
      mime-db: 1.52.0

  once@1.4.0:
    dependencies:
      wrappy: 1.0.2

  p-finally@1.0.0: {}

  p-queue@6.6.2:
    dependencies:
      eventemitter3: 4.0.7
      p-timeout: 3.2.0

  p-retry@4.6.2:
    dependencies:
      '@types/retry': 0.12.0
      retry: 0.13.1

  p-timeout@3.2.0:
    dependencies:
      p-finally: 1.0.0

  prettier@3.5.3: {}

  proxy-from-env@1.1.0: {}

  retry@0.13.1: {}

  strnum@1.1.2: {}

  tunnel@0.0.6: {}

  typescript@5.8.3: {}

  undici-types@6.21.0: {}

  undici@5.29.0:
    dependencies:
      '@fastify/busboy': 2.1.1

  universal-user-agent@6.0.1: {}

  wrappy@1.0.2: {}
